
Microsoft Visual Studio Solution File, Format Version 12.00
# Visual Studio 15
VisualStudioVersion = 15.0.26124.0
MinimumVisualStudioVersion = 15.0.26124.0
Project("{2150E333-8FDC-42A3-9474-1A3956D46DE8}") = "Data Contracts", "Data Contracts", "{93630D78-4ACC-4107-BF83-40BCB46B0709}"
EndProject
Project("{FAE04EC0-301F-11D3-BF4B-00C04F79EFBC}") = "ElcContracts", "Data Contracts\ElcContracts\ElcContracts.csproj", "{0EB140C4-9309-4E94-A784-165D1015A338}"
EndProject
Project("{FAE04EC0-301F-11D3-BF4B-00C04F79EFBC}") = "GeometryContracts", "Data Contracts\GeometryContracts\GeometryContracts.csproj", "{4E16A68F-DE12-45DF-AB7A-61A31E946B02}"
EndProject
Project("{FAE04EC0-301F-11D3-BF4B-00C04F79EFBC}") = "ElcJsonDotNetSerializationHelpers", "ElcJsonDotNetSerializationHelpers\ElcJsonDotNetSerializationHelpers.csproj", "{2D512196-D866-41EA-B3AE-15C1554D1E2F}"
EndProject
Project("{FAE04EC0-301F-11D3-BF4B-00C04F79EFBC}") = "ElcRestSoeWrapper", "ElcRestSoeWrapper\ElcRestSoeWrapper.csproj", "{77700148-D912-4FA4-80F7-23FE755815D5}"
EndProject
Project("{FAE04EC0-301F-11D3-BF4B-00C04F79EFBC}") = "SerializationTest", "SerializationTest\SerializationTest.csproj", "{FB31EED8-E313-400D-9695-EFD7750E006A}"
EndProject
Project("{FAE04EC0-301F-11D3-BF4B-00C04F79EFBC}") = "WrapperTest", "WrapperTest\WrapperTest.csproj", "{140AE44A-1909-457E-BBB0-00154FA23F55}"
EndProject
Global
	GlobalSection(SolutionConfigurationPlatforms) = preSolution
		Debug|Any CPU = Debug|Any CPU
		Debug|x64 = Debug|x64
		Debug|x86 = Debug|x86
		Release|Any CPU = Release|Any CPU
		Release|x64 = Release|x64
		Release|x86 = Release|x86
	EndGlobalSection
	GlobalSection(SolutionProperties) = preSolution
		HideSolutionNode = FALSE
	EndGlobalSection
	GlobalSection(ProjectConfigurationPlatforms) = postSolution
		{0EB140C4-9309-4E94-A784-165D1015A338}.Debug|Any CPU.ActiveCfg = Debug|Any CPU
		{0EB140C4-9309-4E94-A784-165D1015A338}.Debug|Any CPU.Build.0 = Debug|Any CPU
		{0EB140C4-9309-4E94-A784-165D1015A338}.Debug|x64.ActiveCfg = Debug|Any CPU
		{0EB140C4-9309-4E94-A784-165D1015A338}.Debug|x64.Build.0 = Debug|Any CPU
		{0EB140C4-9309-4E94-A784-165D1015A338}.Debug|x86.ActiveCfg = Debug|Any CPU
		{0EB140C4-9309-4E94-A784-165D1015A338}.Debug|x86.Build.0 = Debug|Any CPU
		{0EB140C4-9309-4E94-A784-165D1015A338}.Release|Any CPU.ActiveCfg = Release|Any CPU
		{0EB140C4-9309-4E94-A784-165D1015A338}.Release|Any CPU.Build.0 = Release|Any CPU
		{0EB140C4-9309-4E94-A784-165D1015A338}.Release|x64.ActiveCfg = Release|Any CPU
		{0EB140C4-9309-4E94-A784-165D1015A338}.Release|x64.Build.0 = Release|Any CPU
		{0EB140C4-9309-4E94-A784-165D1015A338}.Release|x86.ActiveCfg = Release|Any CPU
		{0EB140C4-9309-4E94-A784-165D1015A338}.Release|x86.Build.0 = Release|Any CPU
		{4E16A68F-DE12-45DF-AB7A-61A31E946B02}.Debug|Any CPU.ActiveCfg = Debug|Any CPU
		{4E16A68F-DE12-45DF-AB7A-61A31E946B02}.Debug|Any CPU.Build.0 = Debug|Any CPU
		{4E16A68F-DE12-45DF-AB7A-61A31E946B02}.Debug|x64.ActiveCfg = Debug|Any CPU
		{4E16A68F-DE12-45DF-AB7A-61A31E946B02}.Debug|x64.Build.0 = Debug|Any CPU
		{4E16A68F-DE12-45DF-AB7A-61A31E946B02}.Debug|x86.ActiveCfg = Debug|Any CPU
		{4E16A68F-DE12-45DF-AB7A-61A31E946B02}.Debug|x86.Build.0 = Debug|Any CPU
		{4E16A68F-DE12-45DF-AB7A-61A31E946B02}.Release|Any CPU.ActiveCfg = Release|Any CPU
		{4E16A68F-DE12-45DF-AB7A-61A31E946B02}.Release|Any CPU.Build.0 = Release|Any CPU
		{4E16A68F-DE12-45DF-AB7A-61A31E946B02}.Release|x64.ActiveCfg = Release|Any CPU
		{4E16A68F-DE12-45DF-AB7A-61A31E946B02}.Release|x64.Build.0 = Release|Any CPU
		{4E16A68F-DE12-45DF-AB7A-61A31E946B02}.Release|x86.ActiveCfg = Release|Any CPU
		{4E16A68F-DE12-45DF-AB7A-61A31E946B02}.Release|x86.Build.0 = Release|Any CPU
		{2D512196-D866-41EA-B3AE-15C1554D1E2F}.Debug|Any CPU.ActiveCfg = Debug|Any CPU
		{2D512196-D866-41EA-B3AE-15C1554D1E2F}.Debug|Any CPU.Build.0 = Debug|Any CPU
		{2D512196-D866-41EA-B3AE-15C1554D1E2F}.Debug|x64.ActiveCfg = Debug|Any CPU
		{2D512196-D866-41EA-B3AE-15C1554D1E2F}.Debug|x64.Build.0 = Debug|Any CPU
		{2D512196-D866-41EA-B3AE-15C1554D1E2F}.Debug|x86.ActiveCfg = Debug|Any CPU
		{2D512196-D866-41EA-B3AE-15C1554D1E2F}.Debug|x86.Build.0 = Debug|Any CPU
		{2D512196-D866-41EA-B3AE-15C1554D1E2F}.Release|Any CPU.ActiveCfg = Release|Any CPU
		{2D512196-D866-41EA-B3AE-15C1554D1E2F}.Release|Any CPU.Build.0 = Release|Any CPU
		{2D512196-D866-41EA-B3AE-15C1554D1E2F}.Release|x64.ActiveCfg = Release|Any CPU
		{2D512196-D866-41EA-B3AE-15C1554D1E2F}.Release|x64.Build.0 = Release|Any CPU
		{2D512196-D866-41EA-B3AE-15C1554D1E2F}.Release|x86.ActiveCfg = Release|Any CPU
		{2D512196-D866-41EA-B3AE-15C1554D1E2F}.Release|x86.Build.0 = Release|Any CPU
		{77700148-D912-4FA4-80F7-23FE755815D5}.Debug|Any CPU.ActiveCfg = Debug|Any CPU
		{77700148-D912-4FA4-80F7-23FE755815D5}.Debug|Any CPU.Build.0 = Debug|Any CPU
		{77700148-D912-4FA4-80F7-23FE755815D5}.Debug|x64.ActiveCfg = Debug|Any CPU
		{77700148-D912-4FA4-80F7-23FE755815D5}.Debug|x64.Build.0 = Debug|Any CPU
		{77700148-D912-4FA4-80F7-23FE755815D5}.Debug|x86.ActiveCfg = Debug|Any CPU
		{77700148-D912-4FA4-80F7-23FE755815D5}.Debug|x86.Build.0 = Debug|Any CPU
		{77700148-D912-4FA4-80F7-23FE755815D5}.Release|Any CPU.ActiveCfg = Release|Any CPU
		{77700148-D912-4FA4-80F7-23FE755815D5}.Release|Any CPU.Build.0 = Release|Any CPU
		{77700148-D912-4FA4-80F7-23FE755815D5}.Release|x64.ActiveCfg = Release|Any CPU
		{77700148-D912-4FA4-80F7-23FE755815D5}.Release|x64.Build.0 = Release|Any CPU
		{77700148-D912-4FA4-80F7-23FE755815D5}.Release|x86.ActiveCfg = Release|Any CPU
		{77700148-D912-4FA4-80F7-23FE755815D5}.Release|x86.Build.0 = Release|Any CPU
		{FB31EED8-E313-400D-9695-EFD7750E006A}.Debug|Any CPU.ActiveCfg = Debug|Any CPU
		{FB31EED8-E313-400D-9695-EFD7750E006A}.Debug|Any CPU.Build.0 = Debug|Any CPU
		{FB31EED8-E313-400D-9695-EFD7750E006A}.Debug|x64.ActiveCfg = Debug|Any CPU
		{FB31EED8-E313-400D-9695-EFD7750E006A}.Debug|x64.Build.0 = Debug|Any CPU
		{FB31EED8-E313-400D-9695-EFD7750E006A}.Debug|x86.ActiveCfg = Debug|Any CPU
		{FB31EED8-E313-400D-9695-EFD7750E006A}.Debug|x86.Build.0 = Debug|Any CPU
		{FB31EED8-E313-400D-9695-EFD7750E006A}.Release|Any CPU.ActiveCfg = Release|Any CPU
		{FB31EED8-E313-400D-9695-EFD7750E006A}.Release|Any CPU.Build.0 = Release|Any CPU
		{FB31EED8-E313-400D-9695-EFD7750E006A}.Release|x64.ActiveCfg = Release|Any CPU
		{FB31EED8-E313-400D-9695-EFD7750E006A}.Release|x64.Build.0 = Release|Any CPU
		{FB31EED8-E313-400D-9695-EFD7750E006A}.Release|x86.ActiveCfg = Release|Any CPU
		{FB31EED8-E313-400D-9695-EFD7750E006A}.Release|x86.Build.0 = Release|Any CPU
		{140AE44A-1909-457E-BBB0-00154FA23F55}.Debug|Any CPU.ActiveCfg = Debug|Any CPU
		{140AE44A-1909-457E-BBB0-00154FA23F55}.Debug|Any CPU.Build.0 = Debug|Any CPU
		{140AE44A-1909-457E-BBB0-00154FA23F55}.Debug|x64.ActiveCfg = Debug|Any CPU
		{140AE44A-1909-457E-BBB0-00154FA23F55}.Debug|x64.Build.0 = Debug|Any CPU
		{140AE44A-1909-457E-BBB0-00154FA23F55}.Debug|x86.ActiveCfg = Debug|Any CPU
		{140AE44A-1909-457E-BBB0-00154FA23F55}.Debug|x86.Build.0 = Debug|Any CPU
		{140AE44A-1909-457E-BBB0-00154FA23F55}.Release|Any CPU.ActiveCfg = Release|Any CPU
		{140AE44A-1909-457E-BBB0-00154FA23F55}.Release|Any CPU.Build.0 = Release|Any CPU
		{140AE44A-1909-457E-BBB0-00154FA23F55}.Release|x64.ActiveCfg = Release|Any CPU
		{140AE44A-1909-457E-BBB0-00154FA23F55}.Release|x64.Build.0 = Release|Any CPU
		{140AE44A-1909-457E-BBB0-00154FA23F55}.Release|x86.ActiveCfg = Release|Any CPU
		{140AE44A-1909-457E-BBB0-00154FA23F55}.Release|x86.Build.0 = Release|Any CPU
	EndGlobalSection
	GlobalSection(NestedProjects) = preSolution
		{0EB140C4-9309-4E94-A784-165D1015A338} = {93630D78-4ACC-4107-BF83-40BCB46B0709}
		{4E16A68F-DE12-45DF-AB7A-61A31E946B02} = {93630D78-4ACC-4107-BF83-40BCB46B0709}
	EndGlobalSection
EndGlobal
